{
  "version": "3",
  "packages": {
    "specifiers": {
      "jsr:@std/path": "jsr:@std/path@1.0.2",
      "npm:vite@5.3.5": "npm:vite@5.3.5"
    },
    "jsr": {
      "@std/path@1.0.2": {
        "integrity": "a452174603f8c620bd278a380c596437a9eef50c891c64b85812f735245d9ec7"
      }
    },
    "npm": {
      "@esbuild/aix-ppc64@0.21.5": {
        "integrity": "sha512-1SDgH6ZSPTlggy1yI6+Dbkiz8xzpHJEVAlF/AM1tHPLsf5STom9rwtjE4hKAF20FfXXNTFqEYXyJNWh1GiZedQ==",
        "dependencies": {}
      },
      "@esbuild/android-arm64@0.21.5": {
        "integrity": "sha512-c0uX9VAUBQ7dTDCjq+wdyGLowMdtR/GoC2U5IYk/7D1H1JYC0qseD7+11iMP2mRLN9RcCMRcjC4YMclCzGwS/A==",
        "dependencies": {}
      },
      "@esbuild/android-arm@0.21.5": {
        "integrity": "sha512-vCPvzSjpPHEi1siZdlvAlsPxXl7WbOVUBBAowWug4rJHb68Ox8KualB+1ocNvT5fjv6wpkX6o/iEpbDrf68zcg==",
        "dependencies": {}
      },
      "@esbuild/android-x64@0.21.5": {
        "integrity": "sha512-D7aPRUUNHRBwHxzxRvp856rjUHRFW1SdQATKXH2hqA0kAZb1hKmi02OpYRacl0TxIGz/ZmXWlbZgjwWYaCakTA==",
        "dependencies": {}
      },
      "@esbuild/darwin-arm64@0.21.5": {
        "integrity": "sha512-DwqXqZyuk5AiWWf3UfLiRDJ5EDd49zg6O9wclZ7kUMv2WRFr4HKjXp/5t8JZ11QbQfUS6/cRCKGwYhtNAY88kQ==",
        "dependencies": {}
      },
      "@esbuild/darwin-x64@0.21.5": {
        "integrity": "sha512-se/JjF8NlmKVG4kNIuyWMV/22ZaerB+qaSi5MdrXtd6R08kvs2qCN4C09miupktDitvh8jRFflwGFBQcxZRjbw==",
        "dependencies": {}
      },
      "@esbuild/freebsd-arm64@0.21.5": {
        "integrity": "sha512-5JcRxxRDUJLX8JXp/wcBCy3pENnCgBR9bN6JsY4OmhfUtIHe3ZW0mawA7+RDAcMLrMIZaf03NlQiX9DGyB8h4g==",
        "dependencies": {}
      },
      "@esbuild/freebsd-x64@0.21.5": {
        "integrity": "sha512-J95kNBj1zkbMXtHVH29bBriQygMXqoVQOQYA+ISs0/2l3T9/kj42ow2mpqerRBxDJnmkUDCaQT/dfNXWX/ZZCQ==",
        "dependencies": {}
      },
      "@esbuild/linux-arm64@0.21.5": {
        "integrity": "sha512-ibKvmyYzKsBeX8d8I7MH/TMfWDXBF3db4qM6sy+7re0YXya+K1cem3on9XgdT2EQGMu4hQyZhan7TeQ8XkGp4Q==",
        "dependencies": {}
      },
      "@esbuild/linux-arm@0.21.5": {
        "integrity": "sha512-bPb5AHZtbeNGjCKVZ9UGqGwo8EUu4cLq68E95A53KlxAPRmUyYv2D6F0uUI65XisGOL1hBP5mTronbgo+0bFcA==",
        "dependencies": {}
      },
      "@esbuild/linux-ia32@0.21.5": {
        "integrity": "sha512-YvjXDqLRqPDl2dvRODYmmhz4rPeVKYvppfGYKSNGdyZkA01046pLWyRKKI3ax8fbJoK5QbxblURkwK/MWY18Tg==",
        "dependencies": {}
      },
      "@esbuild/linux-loong64@0.21.5": {
        "integrity": "sha512-uHf1BmMG8qEvzdrzAqg2SIG/02+4/DHB6a9Kbya0XDvwDEKCoC8ZRWI5JJvNdUjtciBGFQ5PuBlpEOXQj+JQSg==",
        "dependencies": {}
      },
      "@esbuild/linux-mips64el@0.21.5": {
        "integrity": "sha512-IajOmO+KJK23bj52dFSNCMsz1QP1DqM6cwLUv3W1QwyxkyIWecfafnI555fvSGqEKwjMXVLokcV5ygHW5b3Jbg==",
        "dependencies": {}
      },
      "@esbuild/linux-ppc64@0.21.5": {
        "integrity": "sha512-1hHV/Z4OEfMwpLO8rp7CvlhBDnjsC3CttJXIhBi+5Aj5r+MBvy4egg7wCbe//hSsT+RvDAG7s81tAvpL2XAE4w==",
        "dependencies": {}
      },
      "@esbuild/linux-riscv64@0.21.5": {
        "integrity": "sha512-2HdXDMd9GMgTGrPWnJzP2ALSokE/0O5HhTUvWIbD3YdjME8JwvSCnNGBnTThKGEB91OZhzrJ4qIIxk/SBmyDDA==",
        "dependencies": {}
      },
      "@esbuild/linux-s390x@0.21.5": {
        "integrity": "sha512-zus5sxzqBJD3eXxwvjN1yQkRepANgxE9lgOW2qLnmr8ikMTphkjgXu1HR01K4FJg8h1kEEDAqDcZQtbrRnB41A==",
        "dependencies": {}
      },
      "@esbuild/linux-x64@0.21.5": {
        "integrity": "sha512-1rYdTpyv03iycF1+BhzrzQJCdOuAOtaqHTWJZCWvijKD2N5Xu0TtVC8/+1faWqcP9iBCWOmjmhoH94dH82BxPQ==",
        "dependencies": {}
      },
      "@esbuild/netbsd-x64@0.21.5": {
        "integrity": "sha512-Woi2MXzXjMULccIwMnLciyZH4nCIMpWQAs049KEeMvOcNADVxo0UBIQPfSmxB3CWKedngg7sWZdLvLczpe0tLg==",
        "dependencies": {}
      },
      "@esbuild/openbsd-x64@0.21.5": {
        "integrity": "sha512-HLNNw99xsvx12lFBUwoT8EVCsSvRNDVxNpjZ7bPn947b8gJPzeHWyNVhFsaerc0n3TsbOINvRP2byTZ5LKezow==",
        "dependencies": {}
      },
      "@esbuild/sunos-x64@0.21.5": {
        "integrity": "sha512-6+gjmFpfy0BHU5Tpptkuh8+uw3mnrvgs+dSPQXQOv3ekbordwnzTVEb4qnIvQcYXq6gzkyTnoZ9dZG+D4garKg==",
        "dependencies": {}
      },
      "@esbuild/win32-arm64@0.21.5": {
        "integrity": "sha512-Z0gOTd75VvXqyq7nsl93zwahcTROgqvuAcYDUr+vOv8uHhNSKROyU961kgtCD1e95IqPKSQKH7tBTslnS3tA8A==",
        "dependencies": {}
      },
      "@esbuild/win32-ia32@0.21.5": {
        "integrity": "sha512-SWXFF1CL2RVNMaVs+BBClwtfZSvDgtL//G/smwAc5oVK/UPu2Gu9tIaRgFmYFFKrmg3SyAjSrElf0TiJ1v8fYA==",
        "dependencies": {}
      },
      "@esbuild/win32-x64@0.21.5": {
        "integrity": "sha512-tQd/1efJuzPC6rCFwEvLtci/xNFcTZknmXs98FYDfGE4wP9ClFV98nyKrzJKVPMhdDnjzLhdUyMX4PsQAPjwIw==",
        "dependencies": {}
      },
      "@rollup/rollup-android-arm-eabi@4.19.1": {
        "integrity": "sha512-XzqSg714++M+FXhHfXpS1tDnNZNpgxxuGZWlRG/jSj+VEPmZ0yg6jV4E0AL3uyBKxO8mO3xtOsP5mQ+XLfrlww==",
        "dependencies": {}
      },
      "@rollup/rollup-android-arm64@4.19.1": {
        "integrity": "sha512-thFUbkHteM20BGShD6P08aungq4irbIZKUNbG70LN8RkO7YztcGPiKTTGZS7Kw+x5h8hOXs0i4OaHwFxlpQN6A==",
        "dependencies": {}
      },
      "@rollup/rollup-darwin-arm64@4.19.1": {
        "integrity": "sha512-8o6eqeFZzVLia2hKPUZk4jdE3zW7LCcZr+MD18tXkgBBid3lssGVAYuox8x6YHoEPDdDa9ixTaStcmx88lio5Q==",
        "dependencies": {}
      },
      "@rollup/rollup-darwin-x64@4.19.1": {
        "integrity": "sha512-4T42heKsnbjkn7ovYiAdDVRRWZLU9Kmhdt6HafZxFcUdpjlBlxj4wDrt1yFWLk7G4+E+8p2C9tcmSu0KA6auGA==",
        "dependencies": {}
      },
      "@rollup/rollup-linux-arm-gnueabihf@4.19.1": {
        "integrity": "sha512-MXg1xp+e5GhZ3Vit1gGEyoC+dyQUBy2JgVQ+3hUrD9wZMkUw/ywgkpK7oZgnB6kPpGrxJ41clkPPnsknuD6M2Q==",
        "dependencies": {}
      },
      "@rollup/rollup-linux-arm-musleabihf@4.19.1": {
        "integrity": "sha512-DZNLwIY4ftPSRVkJEaxYkq7u2zel7aah57HESuNkUnz+3bZHxwkCUkrfS2IWC1sxK6F2QNIR0Qr/YXw7nkF3Pw==",
        "dependencies": {}
      },
      "@rollup/rollup-linux-arm64-gnu@4.19.1": {
        "integrity": "sha512-C7evongnjyxdngSDRRSQv5GvyfISizgtk9RM+z2biV5kY6S/NF/wta7K+DanmktC5DkuaJQgoKGf7KUDmA7RUw==",
        "dependencies": {}
      },
      "@rollup/rollup-linux-arm64-musl@4.19.1": {
        "integrity": "sha512-89tFWqxfxLLHkAthAcrTs9etAoBFRduNfWdl2xUs/yLV+7XDrJ5yuXMHptNqf1Zw0UCA3cAutkAiAokYCkaPtw==",
        "dependencies": {}
      },
      "@rollup/rollup-linux-powerpc64le-gnu@4.19.1": {
        "integrity": "sha512-PromGeV50sq+YfaisG8W3fd+Cl6mnOOiNv2qKKqKCpiiEke2KiKVyDqG/Mb9GWKbYMHj5a01fq/qlUR28PFhCQ==",
        "dependencies": {}
      },
      "@rollup/rollup-linux-riscv64-gnu@4.19.1": {
        "integrity": "sha512-/1BmHYh+iz0cNCP0oHCuF8CSiNj0JOGf0jRlSo3L/FAyZyG2rGBuKpkZVH9YF+x58r1jgWxvm1aRg3DHrLDt6A==",
        "dependencies": {}
      },
      "@rollup/rollup-linux-s390x-gnu@4.19.1": {
        "integrity": "sha512-0cYP5rGkQWRZKy9/HtsWVStLXzCF3cCBTRI+qRL8Z+wkYlqN7zrSYm6FuY5Kd5ysS5aH0q5lVgb/WbG4jqXN1Q==",
        "dependencies": {}
      },
      "@rollup/rollup-linux-x64-gnu@4.19.1": {
        "integrity": "sha512-XUXeI9eM8rMP8aGvii/aOOiMvTs7xlCosq9xCjcqI9+5hBxtjDpD+7Abm1ZhVIFE1J2h2VIg0t2DX/gjespC2Q==",
        "dependencies": {}
      },
      "@rollup/rollup-linux-x64-musl@4.19.1": {
        "integrity": "sha512-V7cBw/cKXMfEVhpSvVZhC+iGifD6U1zJ4tbibjjN+Xi3blSXaj/rJynAkCFFQfoG6VZrAiP7uGVzL440Q6Me2Q==",
        "dependencies": {}
      },
      "@rollup/rollup-win32-arm64-msvc@4.19.1": {
        "integrity": "sha512-88brja2vldW/76jWATlBqHEoGjJLRnP0WOEKAUbMcXaAZnemNhlAHSyj4jIwMoP2T750LE9lblvD4e2jXleZsA==",
        "dependencies": {}
      },
      "@rollup/rollup-win32-ia32-msvc@4.19.1": {
        "integrity": "sha512-LdxxcqRVSXi6k6JUrTah1rHuaupoeuiv38du8Mt4r4IPer3kwlTo+RuvfE8KzZ/tL6BhaPlzJ3835i6CxrFIRQ==",
        "dependencies": {}
      },
      "@rollup/rollup-win32-x64-msvc@4.19.1": {
        "integrity": "sha512-2bIrL28PcK3YCqD9anGxDxamxdiJAxA+l7fWIwM5o8UqNy1t3d1NdAweO2XhA0KTDJ5aH1FsuiT5+7VhtHliXg==",
        "dependencies": {}
      },
      "@types/estree@1.0.5": {
        "integrity": "sha512-/kYRxGDLWzHOB7q+wtSUQlFrtcdUccpfy+X+9iMBpHK8QLLhx2wIPYuS5DYtR9Wa/YlZAbIovy7qVdB1Aq6Lyw==",
        "dependencies": {}
      },
      "esbuild@0.21.5": {
        "integrity": "sha512-mg3OPMV4hXywwpoDxu3Qda5xCKQi+vCTZq8S9J/EpkhB2HzKXq4SNFZE3+NK93JYxc8VMSep+lOUSC/RVKaBqw==",
        "dependencies": {
          "@esbuild/aix-ppc64": "@esbuild/aix-ppc64@0.21.5",
          "@esbuild/android-arm": "@esbuild/android-arm@0.21.5",
          "@esbuild/android-arm64": "@esbuild/android-arm64@0.21.5",
          "@esbuild/android-x64": "@esbuild/android-x64@0.21.5",
          "@esbuild/darwin-arm64": "@esbuild/darwin-arm64@0.21.5",
          "@esbuild/darwin-x64": "@esbuild/darwin-x64@0.21.5",
          "@esbuild/freebsd-arm64": "@esbuild/freebsd-arm64@0.21.5",
          "@esbuild/freebsd-x64": "@esbuild/freebsd-x64@0.21.5",
          "@esbuild/linux-arm": "@esbuild/linux-arm@0.21.5",
          "@esbuild/linux-arm64": "@esbuild/linux-arm64@0.21.5",
          "@esbuild/linux-ia32": "@esbuild/linux-ia32@0.21.5",
          "@esbuild/linux-loong64": "@esbuild/linux-loong64@0.21.5",
          "@esbuild/linux-mips64el": "@esbuild/linux-mips64el@0.21.5",
          "@esbuild/linux-ppc64": "@esbuild/linux-ppc64@0.21.5",
          "@esbuild/linux-riscv64": "@esbuild/linux-riscv64@0.21.5",
          "@esbuild/linux-s390x": "@esbuild/linux-s390x@0.21.5",
          "@esbuild/linux-x64": "@esbuild/linux-x64@0.21.5",
          "@esbuild/netbsd-x64": "@esbuild/netbsd-x64@0.21.5",
          "@esbuild/openbsd-x64": "@esbuild/openbsd-x64@0.21.5",
          "@esbuild/sunos-x64": "@esbuild/sunos-x64@0.21.5",
          "@esbuild/win32-arm64": "@esbuild/win32-arm64@0.21.5",
          "@esbuild/win32-ia32": "@esbuild/win32-ia32@0.21.5",
          "@esbuild/win32-x64": "@esbuild/win32-x64@0.21.5"
        }
      },
      "fsevents@2.3.3": {
        "integrity": "sha512-5xoDfX+fL7faATnagmWPpbFtwh/R77WmMMqqHGS65C3vvB0YHrgF+B1YmZ3441tMj5n63k0212XNoJwzlhffQw==",
        "dependencies": {}
      },
      "nanoid@3.3.7": {
        "integrity": "sha512-eSRppjcPIatRIMC1U6UngP8XFcz8MQWGQdt1MTBQ7NaAmvXDfvNxbvWV3x2y6CdEUciCSsDHDQZbhYaB8QEo2g==",
        "dependencies": {}
      },
      "picocolors@1.0.1": {
        "integrity": "sha512-anP1Z8qwhkbmu7MFP5iTt+wQKXgwzf7zTyGlcdzabySa9vd0Xt392U0rVmz9poOaBj0uHJKyyo9/upk0HrEQew==",
        "dependencies": {}
      },
      "postcss@8.4.40": {
        "integrity": "sha512-YF2kKIUzAofPMpfH6hOi2cGnv/HrUlfucspc7pDyvv7kGdqXrfj8SCl/t8owkEgKEuu8ZcRjSOxFxVLqwChZ2Q==",
        "dependencies": {
          "nanoid": "nanoid@3.3.7",
          "picocolors": "picocolors@1.0.1",
          "source-map-js": "source-map-js@1.2.0"
        }
      },
      "rollup@4.19.1": {
        "integrity": "sha512-K5vziVlg7hTpYfFBI+91zHBEMo6jafYXpkMlqZjg7/zhIG9iHqazBf4xz9AVdjS9BruRn280ROqLI7G3OFRIlw==",
        "dependencies": {
          "@rollup/rollup-android-arm-eabi": "@rollup/rollup-android-arm-eabi@4.19.1",
          "@rollup/rollup-android-arm64": "@rollup/rollup-android-arm64@4.19.1",
          "@rollup/rollup-darwin-arm64": "@rollup/rollup-darwin-arm64@4.19.1",
          "@rollup/rollup-darwin-x64": "@rollup/rollup-darwin-x64@4.19.1",
          "@rollup/rollup-linux-arm-gnueabihf": "@rollup/rollup-linux-arm-gnueabihf@4.19.1",
          "@rollup/rollup-linux-arm-musleabihf": "@rollup/rollup-linux-arm-musleabihf@4.19.1",
          "@rollup/rollup-linux-arm64-gnu": "@rollup/rollup-linux-arm64-gnu@4.19.1",
          "@rollup/rollup-linux-arm64-musl": "@rollup/rollup-linux-arm64-musl@4.19.1",
          "@rollup/rollup-linux-powerpc64le-gnu": "@rollup/rollup-linux-powerpc64le-gnu@4.19.1",
          "@rollup/rollup-linux-riscv64-gnu": "@rollup/rollup-linux-riscv64-gnu@4.19.1",
          "@rollup/rollup-linux-s390x-gnu": "@rollup/rollup-linux-s390x-gnu@4.19.1",
          "@rollup/rollup-linux-x64-gnu": "@rollup/rollup-linux-x64-gnu@4.19.1",
          "@rollup/rollup-linux-x64-musl": "@rollup/rollup-linux-x64-musl@4.19.1",
          "@rollup/rollup-win32-arm64-msvc": "@rollup/rollup-win32-arm64-msvc@4.19.1",
          "@rollup/rollup-win32-ia32-msvc": "@rollup/rollup-win32-ia32-msvc@4.19.1",
          "@rollup/rollup-win32-x64-msvc": "@rollup/rollup-win32-x64-msvc@4.19.1",
          "@types/estree": "@types/estree@1.0.5",
          "fsevents": "fsevents@2.3.3"
        }
      },
      "source-map-js@1.2.0": {
        "integrity": "sha512-itJW8lvSA0TXEphiRoawsCksnlf8SyvmFzIhltqAHluXd88pkCd+cXJVHTDwdCr0IzwptSm035IHQktUu1QUMg==",
        "dependencies": {}
      },
      "vite@5.3.5": {
        "integrity": "sha512-MdjglKR6AQXQb9JGiS7Rc2wC6uMjcm7Go/NHNO63EwiJXfuk9PgqiP/n5IDJCziMkfw9n4Ubp7lttNwz+8ZVKA==",
        "dependencies": {
          "esbuild": "esbuild@0.21.5",
          "fsevents": "fsevents@2.3.3",
          "postcss": "postcss@8.4.40",
          "rollup": "rollup@4.19.1"
        }
      }
    }
  },
  "remote": {},
  "workspace": {
    "dependencies": [
      "npm:@tailwindcss/typography@0.5.13",
      "npm:@vitejs/plugin-react@^4.3.1",
      "npm:autoprefixer@10.4.19",
      "npm:class-variance-authority@^0.7.0",
      "npm:clsx@^2.1.1",
      "npm:lucide-react@^0.417.0",
      "npm:postcss@8.4.40",
      "npm:react-dom@^18.3.1",
      "npm:react@^18.3.1",
      "npm:tailwind-merge@2.4.0",
      "npm:tailwindcss-animate@1.0.7",
      "npm:tailwindcss@3.4.7",
      "npm:vite@^5.3.5"
    ]
  }
}
